{
  "name": "executor-state-handler",
  "version": "0.3.0",
  "lockfileVersion": 3,
  "requires": true,
  "packages": {
    "": {
      "name": "executor-state-handler",
      "version": "0.3.0",
      "dependencies": {
        "@xdevplatform/chat-xdk": "0.5.0",
        "@xdevplatform/xdk": "0.6.6",
        "juicebox-sdk": "0.3.7"
      },
      "engines": {
        "node": ">=22"
      }
    },
    "node_modules/@xdevplatform/chat-xdk": {
      "version": "0.5.0",
      "resolved": "https://registry.npmjs.org/@xdevplatform/chat-xdk/-/chat-xdk-0.5.0.tgz",
      "integrity": "sha512-ywcg/OTwZlAAzbmOOJWBnRGj/ABguHmrSF0tJ7XSruAn+tHEBwzRNyGwrjj+7p+CSFJGow/U6uHMPho/b+jAIQ==",
      "license": "MIT",
      "engines": {
        "node": ">=18"
      },
      "peerDependencies": {
        "juicebox-sdk": "^0.3.0"
      },
      "peerDependenciesMeta": {
        "juicebox-sdk": {
          "optional": true
        }
      }
    },
    "node_modules/@xdevplatform/xdk": {
      "version": "0.6.6",
      "resolved": "https://registry.npmjs.org/@xdevplatform/xdk/-/xdk-0.6.6.tgz",
      "integrity": "sha512-ced4iHSz08eQe1L0N3UWVvJyfGnmGU0CRjecoXpr27dVIyQvc637Pxm3cdP4G85PwhHn5IGVJ1DJF2YD9zWfAg==",
      "license": "MIT",
      "engines": {
        "node": ">=16.14"
      },
      "peerDependencies": {
        "node-fetch": "^3.3.0"
      },
      "peerDependenciesMeta": {
        "node-fetch": {
          "optional": true
        }
      }
    },
    "node_modules/juicebox-sdk": {
      "version": "0.3.7",
      "resolved": "https://registry.npmjs.org/juicebox-sdk/-/juicebox-sdk-0.3.7.tgz",
      "integrity": "sha512-2E+sZyoF1YXlRx5te2km5aGpmRxfkPOHH5GaOhTji0e9cU19Z98ucZ1ytY4ffmDdpJ1b8MVjoi/6oNi/wt/zpw==",
      "license": "MIT"
    }
  }
}
